// !$*UTF8*$!
{
	archiveVersion = 1;
	classes = {
	};
	objectVersion = 48;
	objects = {

/* Begin PBXBuildFile section */
		0F604D067AFA496E8D7FDC5B /* SaizenCore/Player/PlayerRouter.swift in Sources */ = {isa = PBXBuildFile; fileRef = 5D23D4B63BA842A68D89E788 /* SaizenCore/Player/PlayerRouter.swift */; };
		A1PP0001PROGSWIFT01 /* SaizenCore/Player/PlaybackProgressReporter.swift in Sources */ = {isa = PBXBuildFile; fileRef = A1PP0002PROGSWIFT02 /* SaizenCore/Player/PlaybackProgressReporter.swift */; };
		A1AU0001AUTHSESS01 /* SaizenCore/Auth/AuthSession.swift in Sources */ = {isa = PBXBuildFile; fileRef = A1AU0002AUTHSESS02 /* SaizenCore/Auth/AuthSession.swift */; };
		A1AU0003KEYCHAIN01 /* SaizenCore/Auth/SaizenKeychain.swift in Sources */ = {isa = PBXBuildFile; fileRef = A1AU0004KEYCHAIN02 /* SaizenCore/Auth/SaizenKeychain.swift */; };
		A1AU0005SECRETSTORE01 /* SaizenCore/Auth/AnilistSecretStore.swift in Sources */ = {isa = PBXBuildFile; fileRef = A1AU0006SECRETSTORE02 /* SaizenCore/Auth/AnilistSecretStore.swift */; };
		A1AU0007SECRETLOCAL01 /* SaizenCore/Auth/AnilistSecret.local.swift in Sources */ = {isa = PBXBuildFile; fileRef = A1AU0008SECRETLOCAL02 /* SaizenCore/Auth/AnilistSecret.local.swift */; };
		2FAD9763203C412B000D30F8 /* config.xml in Resources */ = {isa = PBXBuildFile; fileRef = 2FAD9762203C412B000D30F8 /* config.xml */; };
		50379B232058CBB4000EE86E /* capacitor.config.json in Resources */ = {isa = PBXBuildFile; fileRef = 50379B222058CBB4000EE86E /* capacitor.config.json */; };
		504EC3081FED79650016851F /* AppDelegate.swift in Sources */ = {isa = PBXBuildFile; fileRef = 504EC3071FED79650016851F /* AppDelegate.swift */; };
		A1SC0001SCENEDELEGATE01 /* SceneDelegate.swift in Sources */ = {isa = PBXBuildFile; fileRef = A1SC0002SCENEDELEGATE02 /* SceneDelegate.swift */; };
		504EC30D1FED79650016851F /* Main.storyboard in Resources */ = {isa = PBXBuildFile; fileRef = 504EC30B1FED79650016851F /* Main.storyboard */; };
		504EC30F1FED79650016851F /* Assets.xcassets in Resources */ = {isa = PBXBuildFile; fileRef = 504EC30E1FED79650016851F /* Assets.xcassets */; };
		504EC3121FED79650016851F /* LaunchScreen.storyboard in Resources */ = {isa = PBXBuildFile; fileRef = 504EC3101FED79650016851F /* LaunchScreen.storyboard */; };
		50B271D11FEDC1A000F3C39B /* public in Resources */ = {isa = PBXBuildFile; fileRef = 50B271D01FEDC1A000F3C39B /* public */; };
		6BC1B7873C2141C9955BEEFE /* SaizenCore/Torrent/TorrentEngine.swift in Sources */ = {isa = PBXBuildFile; fileRef = A873FC6416834EE49673EAC5 /* SaizenCore/Torrent/TorrentEngine.swift */; };
		721685FDECA14C4FA1A54453 /* SaizenCore/HTTP/HTTPRangeServer.swift in Sources */ = {isa = PBXBuildFile; fileRef = A06D3A4C8C434A2C87BC878F /* SaizenCore/HTTP/HTTPRangeServer.swift */; };
		7ECEA436F8C5433FBC5233CB /* Plugins/SaizenAuth/SaizenAuthPlugin.swift in Sources */ = {isa = PBXBuildFile; fileRef = EF4B6488169F4812815DE1C4 /* Plugins/SaizenAuth/SaizenAuthPlugin.swift */; };
		81624850B61649BC99DE4BE0 /* Plugins/SaizenPlayer/SaizenPlayerPlugin.swift in Sources */ = {isa = PBXBuildFile; fileRef = 61AADF12714A49A785221F68 /* Plugins/SaizenPlayer/SaizenPlayerPlugin.swift */; };
		82871A21EBC842E3BB2D5101 /* SaizenCore/Torrent/PieceStore.swift in Sources */ = {isa = PBXBuildFile; fileRef = BB167D2F58AA4D17BA2241D7 /* SaizenCore/Torrent/PieceStore.swift */; };
		A084ECDBA7D38E1E42DFC39D /* Pods_App.framework in Frameworks */ = {isa = PBXBuildFile; fileRef = AF277DCFFFF123FFC6DF26C7 /* Pods_App.framework */; };
		CEB26AFB3C7E46CA98F53771 /* Plugins/SaizenTorrent/SaizenTorrentPlugin.swift in Sources */ = {isa = PBXBuildFile; fileRef = 5D02D61996A24B21A848A951 /* Plugins/SaizenTorrent/SaizenTorrentPlugin.swift */; };
		E7A1B2C3D4E5F60718293A4B /* Resources/sample-test.mp4 in Resources */ = {isa = PBXBuildFile; fileRef = F1A2B3C4D5E6F708192A3B4C /* Resources/sample-test.mp4 */; };
		A1LT0001ENGINESWIFT01 /* SaizenCore/Torrent/LibtorrentEngine.swift in Sources */ = {isa = PBXBuildFile; fileRef = A1LT0002ENGINESWIFT02 /* SaizenCore/Torrent/LibtorrentEngine.swift */; };
		A1DL0001COORD01 /* SaizenCore/Downloads/DownloadCoordinator.swift in Sources */ = {isa = PBXBuildFile; fileRef = A1DL0002COORD02 /* SaizenCore/Downloads/DownloadCoordinator.swift */; };
		A1MD0001MODTYPES01 /* SaizenCore/Modules/ModuleTypes.swift in Sources */ = {isa = PBXBuildFile; fileRef = A1MD0002MODTYPES02 /* SaizenCore/Modules/ModuleTypes.swift */; };
		A1MD0003FETCHSESS01 /* SaizenCore/Modules/ModuleFetchSession.swift in Sources */ = {isa = PBXBuildFile; fileRef = A1MD0004FETCHSESS02 /* SaizenCore/Modules/ModuleFetchSession.swift */; };
		A1MD0005RUNTIME01 /* SaizenCore/Modules/ModuleRuntime.swift in Sources */ = {isa = PBXBuildFile; fileRef = A1MD0006RUNTIME02 /* SaizenCore/Modules/ModuleRuntime.swift */; };
		A1LT0003BRIDGECPP0001 /* SaizenCore/Torrent/LibtorrentBridge.cpp in Sources */ = {isa = PBXBuildFile; fileRef = A1LT0004BRIDGECPP0002 /* SaizenCore/Torrent/LibtorrentBridge.cpp */; };
		A1LT0006LIBA00000001 /* libtorrent.a in Frameworks */ = {isa = PBXBuildFile; fileRef = A1LT0007LIBA00000002 /* libtorrent.a */; };
		A1LT0008TRYA00000001 /* libtry_signal.a in Frameworks */ = {isa = PBXBuildFile; fileRef = A1LT0009TRYA00000002 /* libtry_signal.a */; };
		A1LT000ASYSTEMCONFIG01 /* SystemConfiguration.framework in Frameworks */ = {isa = PBXBuildFile; fileRef = A1LT000BSYSTEMCONFIG02 /* SystemConfiguration.framework */; };
/* End PBXBuildFile section */

/* Begin PBXFileReference section */
		2FAD9762203C412B000D30F8 /* config.xml */ = {isa = PBXFileReference; lastKnownFileType = text.xml; path = config.xml; sourceTree = "<group>"; };
		50379B222058CBB4000EE86E /* capacitor.config.json */ = {isa = PBXFileReference; fileEncoding = 4; lastKnownFileType = text.json; path = capacitor.config.json; sourceTree = "<group>"; };
		504EC3041FED79650016851F /* App.app */ = {isa = PBXFileReference; explicitFileType = wrapper.application; includeInIndex = 0; path = App.app; sourceTree = BUILT_PRODUCTS_DIR; };
		504EC3071FED79650016851F /* AppDelegate.swift */ = {isa = PBXFileReference; lastKnownFileType = sourcecode.swift; path = AppDelegate.swift; sourceTree = "<group>"; };
		A1SC0002SCENEDELEGATE02 /* SceneDelegate.swift */ = {isa = PBXFileReference; lastKnownFileType = sourcecode.swift; path = SceneDelegate.swift; sourceTree = "<group>"; };
		504EC30C1FED79650016851F /* Base */ = {isa = PBXFileReference; lastKnownFileType = file.storyboard; name = Base; path = Base.lproj/Main.storyboard; sourceTree = "<group>"; };
		504EC30E1FED79650016851F /* Assets.xcassets */ = {isa = PBXFileReference; lastKnownFileType = folder.assetcatalog; path = Assets.xcassets; sourceTree = "<group>"; };
		504EC3111FED79650016851F /* Base */ = {isa = PBXFileReference; lastKnownFileType = file.storyboard; name = Base; path = Base.lproj/LaunchScreen.storyboard; sourceTree = "<group>"; };
		504EC3131FED79650016851F /* Info.plist */ = {isa = PBXFileReference; lastKnownFileType = text.plist.xml; path = Info.plist; sourceTree = "<group>"; };
		50B271D01FEDC1A000F3C39B /* public */ = {isa = PBXFileReference; lastKnownFileType = folder; path = public; sourceTree = "<group>"; };
		5D02D61996A24B21A848A951 /* Plugins/SaizenTorrent/SaizenTorrentPlugin.swift */ = {isa = PBXFileReference; lastKnownFileType = sourcecode.swift; path = Plugins/SaizenTorrent/SaizenTorrentPlugin.swift; sourceTree = "<group>"; };
		5D23D4B63BA842A68D89E788 /* SaizenCore/Player/PlayerRouter.swift */ = {isa = PBXFileReference; lastKnownFileType = sourcecode.swift; path = SaizenCore/Player/PlayerRouter.swift; sourceTree = "<group>"; };
		A1PP0002PROGSWIFT02 /* SaizenCore/Player/PlaybackProgressReporter.swift */ = {isa = PBXFileReference; lastKnownFileType = sourcecode.swift; path = SaizenCore/Player/PlaybackProgressReporter.swift; sourceTree = "<group>"; };
		A1AU0002AUTHSESS02 /* SaizenCore/Auth/AuthSession.swift */ = {isa = PBXFileReference; lastKnownFileType = sourcecode.swift; path = SaizenCore/Auth/AuthSession.swift; sourceTree = "<group>"; };
		A1AU0004KEYCHAIN02 /* SaizenCore/Auth/SaizenKeychain.swift */ = {isa = PBXFileReference; lastKnownFileType = sourcecode.swift; path = SaizenCore/Auth/SaizenKeychain.swift; sourceTree = "<group>"; };
		A1AU0006SECRETSTORE02 /* SaizenCore/Auth/AnilistSecretStore.swift */ = {isa = PBXFileReference; lastKnownFileType = sourcecode.swift; path = SaizenCore/Auth/AnilistSecretStore.swift; sourceTree = "<group>"; };
		A1AU0008SECRETLOCAL02 /* SaizenCore/Auth/AnilistSecret.local.swift */ = {isa = PBXFileReference; lastKnownFileType = sourcecode.swift; path = SaizenCore/Auth/AnilistSecret.local.swift; sourceTree = "<group>"; };
		61AADF12714A49A785221F68 /* Plugins/SaizenPlayer/SaizenPlayerPlugin.swift */ = {isa = PBXFileReference; lastKnownFileType = sourcecode.swift; path = Plugins/SaizenPlayer/SaizenPlayerPlugin.swift; sourceTree = "<group>"; };
		A06D3A4C8C434A2C87BC878F /* SaizenCore/HTTP/HTTPRangeServer.swift */ = {isa = PBXFileReference; lastKnownFileType = sourcecode.swift; path = SaizenCore/HTTP/HTTPRangeServer.swift; sourceTree = "<group>"; };
		A873FC6416834EE49673EAC5 /* SaizenCore/Torrent/TorrentEngine.swift */ = {isa = PBXFileReference; lastKnownFileType = sourcecode.swift; path = SaizenCore/Torrent/TorrentEngine.swift; sourceTree = "<group>"; };
		AF277DCFFFF123FFC6DF26C7 /* Pods_App.framework */ = {isa = PBXFileReference; explicitFileType = wrapper.framework; includeInIndex = 0; path = Pods_App.framework; sourceTree = BUILT_PRODUCTS_DIR; };
		AF51FD2D460BCFE21FA515B2 /* Pods-App.release.xcconfig */ = {isa = PBXFileReference; includeInIndex = 1; lastKnownFileType = text.xcconfig; name = "Pods-App.release.xcconfig"; path = "Pods/Target Support Files/Pods-App/Pods-App.release.xcconfig"; sourceTree = "<group>"; };
		BB167D2F58AA4D17BA2241D7 /* SaizenCore/Torrent/PieceStore.swift */ = {isa = PBXFileReference; lastKnownFileType = sourcecode.swift; path = SaizenCore/Torrent/PieceStore.swift; sourceTree = "<group>"; };
		EF4B6488169F4812815DE1C4 /* Plugins/SaizenAuth/SaizenAuthPlugin.swift */ = {isa = PBXFileReference; lastKnownFileType = sourcecode.swift; path = Plugins/SaizenAuth/SaizenAuthPlugin.swift; sourceTree = "<group>"; };
		FC68EB0AF532CFC21C3344DD /* Pods-App.debug.xcconfig */ = {isa = PBXFileReference; includeInIndex = 1; lastKnownFileType = text.xcconfig; name = "Pods-App.debug.xcconfig"; path = "Pods/Target Support Files/Pods-App/Pods-App.debug.xcconfig"; sourceTree = "<group>"; };
		F1A2B3C4D5E6F708192A3B4C /* Resources/sample-test.mp4 */ = {isa = PBXFileReference; lastKnownFileType = file; path = "Resources/sample-test.mp4"; sourceTree = "<group>"; };
		A1LT0002ENGINESWIFT02 /* SaizenCore/Torrent/LibtorrentEngine.swift */ = {isa = PBXFileReference; lastKnownFileType = sourcecode.swift; path = SaizenCore/Torrent/LibtorrentEngine.swift; sourceTree = "<group>"; };
		A1DL0002COORD02 /* SaizenCore/Downloads/DownloadCoordinator.swift */ = {isa = PBXFileReference; lastKnownFileType = sourcecode.swift; path = SaizenCore/Downloads/DownloadCoordinator.swift; sourceTree = "<group>"; };
		A1MD0002MODTYPES02 /* SaizenCore/Modules/ModuleTypes.swift */ = {isa = PBXFileReference; lastKnownFileType = sourcecode.swift; path = SaizenCore/Modules/ModuleTypes.swift; sourceTree = "<group>"; };
		A1MD0004FETCHSESS02 /* SaizenCore/Modules/ModuleFetchSession.swift */ = {isa = PBXFileReference; lastKnownFileType = sourcecode.swift; path = SaizenCore/Modules/ModuleFetchSession.swift; sourceTree = "<group>"; };
		A1MD0006RUNTIME02 /* SaizenCore/Modules/ModuleRuntime.swift */ = {isa = PBXFileReference; lastKnownFileType = sourcecode.swift; path = SaizenCore/Modules/ModuleRuntime.swift; sourceTree = "<group>"; };
		A1LT0004BRIDGECPP0002 /* SaizenCore/Torrent/LibtorrentBridge.cpp */ = {isa = PBXFileReference; lastKnownFileType = sourcecode.cpp.cpp; path = SaizenCore/Torrent/LibtorrentBridge.cpp; sourceTree = "<group>"; };
		A1LT0005BRIDGEH000003 /* SaizenCore/Torrent/LibtorrentBridge.h */ = {isa = PBXFileReference; lastKnownFileType = sourcecode.c.h; path = SaizenCore/Torrent/LibtorrentBridge.h; sourceTree = "<group>"; };
		A1LT0007LIBA00000002 /* libtorrent.a */ = {isa = PBXFileReference; lastKnownFileType = archive.ar; name = libtorrent.a; path = ../../../../ios/vendor/libtorrent-ios/lib/libtorrent.a; sourceTree = "<group>"; };
		A1LT0009TRYA00000002 /* libtry_signal.a */ = {isa = PBXFileReference; lastKnownFileType = archive.ar; name = libtry_signal.a; path = ../../../../ios/vendor/libtorrent-ios/lib/libtry_signal.a; sourceTree = "<group>"; };
		A1LT000BSYSTEMCONFIG02 /* SystemConfiguration.framework */ = {isa = PBXFileReference; lastKnownFileType = wrapper.framework; name = SystemConfiguration.framework; path = System/Library/Frameworks/SystemConfiguration.framework; sourceTree = SDKROOT; };
/* End PBXFileReference section */

/* Begin PBXFrameworksBuildPhase section */
		504EC3011FED79650016851F /* Frameworks */ = {
			isa = PBXFrameworksBuildPhase;
			buildActionMask = 2147483647;
			files = (
				A084ECDBA7D38E1E42DFC39D /* Pods_App.framework in Frameworks */,
				A1LT0006LIBA00000001 /* libtorrent.a in Frameworks */,
				A1LT0008TRYA00000001 /* libtry_signal.a in Frameworks */,
				A1LT000ASYSTEMCONFIG01 /* SystemConfiguration.framework in Frameworks */,
			);
			runOnlyForDeploymentPostprocessing = 0;
		};
/* End PBXFrameworksBuildPhase section */

/* Begin PBXGroup section */
		27E2DDA53C4D2A4D1A88CE4A /* Frameworks */ = {
			isa = PBXGroup;
			children = (
				AF277DCFFFF123FFC6DF26C7 /* Pods_App.framework */,
				A1LT0007LIBA00000002 /* libtorrent.a */,
				A1LT0009TRYA00000002 /* libtry_signal.a */,
				A1LT000BSYSTEMCONFIG02 /* SystemConfiguration.framework */,
			);
			name = Frameworks;
			sourceTree = "<group>";
		};
		504EC2FB1FED79650016851F = {
			isa = PBXGroup;
			children = (
				504EC3061FED79650016851F /* App */,
				504EC3051FED79650016851F /* Products */,
				7F8756D8B27F46E3366F6CEA /* Pods */,
				27E2DDA53C4D2A4D1A88CE4A /* Frameworks */,
			);
			sourceTree = "<group>";
		};
		504EC3051FED79650016851F /* Products */ = {
			isa = PBXGroup;
			children = (
				504EC3041FED79650016851F /* App.app */,
			);
			name = Products;
			sourceTree = "<group>";
		};
		504EC3061FED79650016851F /* App */ = {
			isa = PBXGroup;
			children = (
				50379B222058CBB4000EE86E /* capacitor.config.json */,
				504EC3071FED79650016851F /* AppDelegate.swift */,
				A1SC0002SCENEDELEGATE02 /* SceneDelegate.swift */,
				504EC30B1FED79650016851F /* Main.storyboard */,
				504EC30E1FED79650016851F /* Assets.xcassets */,
				504EC3101FED79650016851F /* LaunchScreen.storyboard */,
				504EC3131FED79650016851F /* Info.plist */,
				2FAD9762203C412B000D30F8 /* config.xml */,
				50B271D01FEDC1A000F3C39B /* public */,
				F1A2B3C4D5E6F708192A3B4C /* Resources/sample-test.mp4 */,
				559C798AC45E4EEB90E0A44D /* Saizen */,
			);
			path = App;
			sourceTree = "<group>";
		};
		559C798AC45E4EEB90E0A44D /* Saizen */ = {
			isa = PBXGroup;
			children = (
				A06D3A4C8C434A2C87BC878F /* SaizenCore/HTTP/HTTPRangeServer.swift */,
				BB167D2F58AA4D17BA2241D7 /* SaizenCore/Torrent/PieceStore.swift */,
				A873FC6416834EE49673EAC5 /* SaizenCore/Torrent/TorrentEngine.swift */,
				5D23D4B63BA842A68D89E788 /* SaizenCore/Player/PlayerRouter.swift */,
				A1PP0002PROGSWIFT02 /* SaizenCore/Player/PlaybackProgressReporter.swift */,
				A1AU0002AUTHSESS02 /* SaizenCore/Auth/AuthSession.swift */,
				A1AU0004KEYCHAIN02 /* SaizenCore/Auth/SaizenKeychain.swift */,
				A1AU0006SECRETSTORE02 /* SaizenCore/Auth/AnilistSecretStore.swift */,
				A1AU0008SECRETLOCAL02 /* SaizenCore/Auth/AnilistSecret.local.swift */,
				5D02D61996A24B21A848A951 /* Plugins/SaizenTorrent/SaizenTorrentPlugin.swift */,
				61AADF12714A49A785221F68 /* Plugins/SaizenPlayer/SaizenPlayerPlugin.swift */,
				EF4B6488169F4812815DE1C4 /* Plugins/SaizenAuth/SaizenAuthPlugin.swift */,
				A1LT0002ENGINESWIFT02 /* SaizenCore/Torrent/LibtorrentEngine.swift */,
				A1LT0004BRIDGECPP0002 /* SaizenCore/Torrent/LibtorrentBridge.cpp */,
				A1LT0005BRIDGEH000003 /* SaizenCore/Torrent/LibtorrentBridge.h */,
				A1DL0002COORD02 /* SaizenCore/Downloads/DownloadCoordinator.swift */,
				A1MD0002MODTYPES02 /* SaizenCore/Modules/ModuleTypes.swift */,
				A1MD0004FETCHSESS02 /* SaizenCore/Modules/ModuleFetchSession.swift */,
				A1MD0006RUNTIME02 /* SaizenCore/Modules/ModuleRuntime.swift */,
			);
			path = Saizen;
			sourceTree = "<group>";
		};
		7F8756D8B27F46E3366F6CEA /* Pods */ = {
			isa = PBXGroup;
			children = (
				FC68EB0AF532CFC21C3344DD /* Pods-App.debug.xcconfig */,
				AF51FD2D460BCFE21FA515B2 /* Pods-App.release.xcconfig */,
			);
			name = Pods;
			sourceTree = "<group>";
		};
/* End PBXGroup section */

/* Begin PBXNativeTarget section */
		504EC3031FED79650016851F /* App */ = {
			isa = PBXNativeTarget;
			buildConfigurationList = 504EC3161FED79650016851F /* Build configuration list for PBXNativeTarget "App" */;
			buildPhases = (
				6634F4EFEBD30273BCE97C65 /* [CP] Check Pods Manifest.lock */,
				504EC3001FED79650016851F /* Sources */,
				504EC3011FED79650016851F /* Frameworks */,
				504EC3021FED79650016851F /* Resources */,
				9592DBEFFC6D2A0C8D5DEB22 /* [CP] Embed Pods Frameworks */,
			);
			buildRules = (
			);
			dependencies = (
			);
			name = App;
			productName = App;
			productReference = 504EC3041FED79650016851F /* App.app */;
			productType = "com.apple.product-type.application";
		};
/* End PBXNativeTarget section */

/* Begin PBXProject section */
		504EC2FC1FED79650016851F /* Project object */ = {
			isa = PBXProject;
			attributes = {
				LastSwiftUpdateCheck = 0920;
				LastUpgradeCheck = 0920;
				TargetAttributes = {
					504EC3031FED79650016851F = {
						CreatedOnToolsVersion = 9.2;
						LastSwiftMigration = 1100;
						ProvisioningStyle = Automatic;
					};
				};
			};
			buildConfigurationList = 504EC2FF1FED79650016851F /* Build configuration list for PBXProject "App" */;
			compatibilityVersion = "Xcode 8.0";
			developmentRegion = en;
			hasScannedForEncodings = 0;
			knownRegions = (
				en,
				Base,
			);
			mainGroup = 504EC2FB1FED79650016851F;
			packageReferences = (
			);
			productRefGroup = 504EC3051FED79650016851F /* Products */;
			projectDirPath = "";
			projectRoot = "";
			targets = (
				504EC3031FED79650016851F /* App */,
			);
		};
/* End PBXProject section */

/* Begin PBXResourcesBuildPhase section */
		504EC3021FED79650016851F /* Resources */ = {
			isa = PBXResourcesBuildPhase;
			buildActionMask = 2147483647;
			files = (
				504EC3121FED79650016851F /* LaunchScreen.storyboard in Resources */,
				50B271D11FEDC1A000F3C39B /* public in Resources */,
				504EC30F1FED79650016851F /* Assets.xcassets in Resources */,
				50379B232058CBB4000EE86E /* capacitor.config.json in Resources */,
				504EC30D1FED79650016851F /* Main.storyboard in Resources */,
				2FAD9763203C412B000D30F8 /* config.xml in Resources */,
				E7A1B2C3D4E5F60718293A4B /* Resources/sample-test.mp4 in Resources */,
			);
			runOnlyForDeploymentPostprocessing = 0;
		};
/* End PBXResourcesBuildPhase section */

/* Begin PBXShellScriptBuildPhase section */
		6634F4EFEBD30273BCE97C65 /* [CP] Check Pods Manifest.lock */ = {
			isa = PBXShellScriptBuildPhase;
			buildActionMask = 2147483647;
			files = (
			);
			inputPaths = (
				"${PODS_PODFILE_DIR_PATH}/Podfile.lock",
				"${PODS_ROOT}/Manifest.lock",
			);
			name = "[CP] Check Pods Manifest.lock";
			outputPaths = (
				"$(DERIVED_FILE_DIR)/Pods-App-checkManifestLockResult.txt",
			);
			runOnlyForDeploymentPostprocessing = 0;
			shellPath = /bin/sh;
			shellScript = "diff \"${PODS_PODFILE_DIR_PATH}/Podfile.lock\" \"${PODS_ROOT}/Manifest.lock\" > /dev/null\nif [ $? != 0 ] ; then\n    # print error to STDERR\n    echo \"error: The sandbox is not in sync with the Podfile.lock. Run 'pod install' or update your CocoaPods installation.\" >&2\n    exit 1\nfi\n# This output is used by Xcode 'outputs' to avoid re-running this script phase.\necho \"SUCCESS\" > \"${SCRIPT_OUTPUT_FILE_0}\"\n";
			showEnvVarsInLog = 0;
		};
		9592DBEFFC6D2A0C8D5DEB22 /* [CP] Embed Pods Frameworks */ = {
			isa = PBXShellScriptBuildPhase;
			buildActionMask = 2147483647;
			files = (
			);
			inputPaths = (
			);
			name = "[CP] Embed Pods Frameworks";
			outputPaths = (
			);
			runOnlyForDeploymentPostprocessing = 0;
			shellPath = /bin/sh;
			shellScript = "\"${PODS_ROOT}/Target Support Files/Pods-App/Pods-App-frameworks.sh\"\n";
			showEnvVarsInLog = 0;
		};
/* End PBXShellScriptBuildPhase section */

/* Begin PBXSourcesBuildPhase section */
		504EC3001FED79650016851F /* Sources */ = {
			isa = PBXSourcesBuildPhase;
			buildActionMask = 2147483647;
			files = (
				504EC3081FED79650016851F /* AppDelegate.swift in Sources */,
				A1SC0001SCENEDELEGATE01 /* SceneDelegate.swift in Sources */,
				721685FDECA14C4FA1A54453 /* SaizenCore/HTTP/HTTPRangeServer.swift in Sources */,
				82871A21EBC842E3BB2D5101 /* SaizenCore/Torrent/PieceStore.swift in Sources */,
				6BC1B7873C2141C9955BEEFE /* SaizenCore/Torrent/TorrentEngine.swift in Sources */,
				0F604D067AFA496E8D7FDC5B /* SaizenCore/Player/PlayerRouter.swift in Sources */,
				A1PP0001PROGSWIFT01 /* SaizenCore/Player/PlaybackProgressReporter.swift in Sources */,
				A1AU0001AUTHSESS01 /* SaizenCore/Auth/AuthSession.swift in Sources */,
				A1AU0003KEYCHAIN01 /* SaizenCore/Auth/SaizenKeychain.swift in Sources */,
				A1AU0005SECRETSTORE01 /* SaizenCore/Auth/AnilistSecretStore.swift in Sources */,
				A1AU0007SECRETLOCAL01 /* SaizenCore/Auth/AnilistSecret.local.swift in Sources */,
				CEB26AFB3C7E46CA98F53771 /* Plugins/SaizenTorrent/SaizenTorrentPlugin.swift in Sources */,
				81624850B61649BC99DE4BE0 /* Plugins/SaizenPlayer/SaizenPlayerPlugin.swift in Sources */,
				7ECEA436F8C5433FBC5233CB /* Plugins/SaizenAuth/SaizenAuthPlugin.swift in Sources */,
				A1LT0001ENGINESWIFT01 /* SaizenCore/Torrent/LibtorrentEngine.swift in Sources */,
				A1LT0003BRIDGECPP0001 /* SaizenCore/Torrent/LibtorrentBridge.cpp in Sources */,
				A1DL0001COORD01 /* SaizenCore/Downloads/DownloadCoordinator.swift in Sources */,
				A1MD0001MODTYPES01 /* SaizenCore/Modules/ModuleTypes.swift in Sources */,
				A1MD0003FETCHSESS01 /* SaizenCore/Modules/ModuleFetchSession.swift in Sources */,
				A1MD0005RUNTIME01 /* SaizenCore/Modules/ModuleRuntime.swift in Sources */,
			);
			runOnlyForDeploymentPostprocessing = 0;
		};
/* End PBXSourcesBuildPhase section */

/* Begin PBXVariantGroup section */
		504EC30B1FED79650016851F /* Main.storyboard */ = {
			isa = PBXVariantGroup;
			children = (
				504EC30C1FED79650016851F /* Base */,
			);
			name = Main.storyboard;
			sourceTree = "<group>";
		};
		504EC3101FED79650016851F /* LaunchScreen.storyboard */ = {
			isa = PBXVariantGroup;
			children = (
				504EC3111FED79650016851F /* Base */,
			);
			name = LaunchScreen.storyboard;
			sourceTree = "<group>";
		};
/* End PBXVariantGroup section */

/* Begin XCBuildConfiguration section */
		504EC3141FED79650016851F /* Debug */ = {
			isa = XCBuildConfiguration;
			buildSettings = {
				ALWAYS_SEARCH_USER_PATHS = NO;
				CLANG_ANALYZER_NONNULL = YES;
				CLANG_ANALYZER_NUMBER_OBJECT_CONVERSION = YES_AGGRESSIVE;
				CLANG_CXX_LANGUAGE_STANDARD = "gnu++14";
				CLANG_CXX_LIBRARY = "libc++";
				CLANG_ENABLE_MODULES = YES;
				CLANG_ENABLE_OBJC_ARC = YES;
				CLANG_WARN_BLOCK_CAPTURE_AUTORELEASING = YES;
				CLANG_WARN_BOOL_CONVERSION = YES;
				CLANG_WARN_COMMA = YES;
				CLANG_WARN_CONSTANT_CONVERSION = YES;
				CLANG_WARN_DIRECT_OBJC_ISA_USAGE = YES_ERROR;
				CLANG_WARN_DOCUMENTATION_COMMENTS = YES;
				CLANG_WARN_EMPTY_BODY = YES;
				CLANG_WARN_ENUM_CONVERSION = YES;
				CLANG_WARN_INFINITE_RECURSION = YES;
				CLANG_WARN_INT_CONVERSION = YES;
				CLANG_WARN_NON_LITERAL_NULL_CONVERSION = YES;
				CLANG_WARN_OBJC_LITERAL_CONVERSION = YES;
				CLANG_WARN_OBJC_ROOT_CLASS = YES_ERROR;
				CLANG_WARN_RANGE_LOOP_ANALYSIS = YES;
				CLANG_WARN_STRICT_PROTOTYPES = YES;
				CLANG_WARN_SUSPICIOUS_MOVE = YES;
				CLANG_WARN_UNGUARDED_AVAILABILITY = YES_AGGRESSIVE;
				CLANG_WARN_UNREACHABLE_CODE = YES;
				CLANG_WARN__DUPLICATE_METHOD_MATCH = YES;
				CODE_SIGN_IDENTITY = "iPhone Developer";
				COPY_PHASE_STRIP = NO;
				DEBUG_INFORMATION_FORMAT = dwarf;
				ENABLE_STRICT_OBJC_MSGSEND = YES;
				ENABLE_TESTABILITY = YES;
				GCC_C_LANGUAGE_STANDARD = gnu11;
				GCC_DYNAMIC_NO_PIC = NO;
				GCC_NO_COMMON_BLOCKS = YES;
				GCC_OPTIMIZATION_LEVEL = 0;
				GCC_PREPROCESSOR_DEFINITIONS = (
					"DEBUG=1",
					"$(inherited)",
				);
				GCC_WARN_64_TO_32_BIT_CONVERSION = YES;
				GCC_WARN_ABOUT_RETURN_TYPE = YES_ERROR;
				GCC_WARN_UNDECLARED_SELECTOR = YES;
				GCC_WARN_UNINITIALIZED_AUTOS = YES_AGGRESSIVE;
				GCC_WARN_UNUSED_FUNCTION = YES;
				GCC_WARN_UNUSED_VARIABLE = YES;
				IPHONEOS_DEPLOYMENT_TARGET = 15.0;
				MTL_ENABLE_DEBUG_INFO = YES;
				ONLY_ACTIVE_ARCH = YES;
				SDKROOT = iphoneos;
				SWIFT_ACTIVE_COMPILATION_CONDITIONS = DEBUG;
				SWIFT_OPTIMIZATION_LEVEL = "-Onone";
			};
			name = Debug;
		};
		504EC3151FED79650016851F /* Release */ = {
			isa = XCBuildConfiguration;
			buildSettings = {
				ALWAYS_SEARCH_USER_PATHS = NO;
				CLANG_ANALYZER_NONNULL = YES;
				CLANG_ANALYZER_NUMBER_OBJECT_CONVERSION = YES_AGGRESSIVE;
				CLANG_CXX_LANGUAGE_STANDARD = "gnu++14";
				CLANG_CXX_LIBRARY = "libc++";
				CLANG_ENABLE_MODULES = YES;
				CLANG_ENABLE_OBJC_ARC = YES;
				CLANG_WARN_BLOCK_CAPTURE_AUTORELEASING = YES;
				CLANG_WARN_BOOL_CONVERSION = YES;
				CLANG_WARN_COMMA = YES;
				CLANG_WARN_CONSTANT_CONVERSION = YES;
				CLANG_WARN_DIRECT_OBJC_ISA_USAGE = YES_ERROR;
				CLANG_WARN_DOCUMENTATION_COMMENTS = YES;
				CLANG_WARN_EMPTY_BODY = YES;
				CLANG_WARN_ENUM_CONVERSION = YES;
				CLANG_WARN_INFINITE_RECURSION = YES;
				CLANG_WARN_INT_CONVERSION = YES;
				CLANG_WARN_NON_LITERAL_NULL_CONVERSION = YES;
				CLANG_WARN_OBJC_LITERAL_CONVERSION = YES;
				CLANG_WARN_OBJC_ROOT_CLASS = YES_ERROR;
				CLANG_WARN_RANGE_LOOP_ANALYSIS = YES;
				CLANG_WARN_STRICT_PROTOTYPES = YES;
				CLANG_WARN_SUSPICIOUS_MOVE = YES;
				CLANG_WARN_UNGUARDED_AVAILABILITY = YES_AGGRESSIVE;
				CLANG_WARN_UNREACHABLE_CODE = YES;
				CLANG_WARN__DUPLICATE_METHOD_MATCH = YES;
				CODE_SIGN_IDENTITY = "iPhone Developer";
				COPY_PHASE_STRIP = NO;
				DEBUG_INFORMATION_FORMAT = "dwarf-with-dsym";
				ENABLE_NS_ASSERTIONS = NO;
				ENABLE_STRICT_OBJC_MSGSEND = YES;
				GCC_C_LANGUAGE_STANDARD = gnu11;
				GCC_NO_COMMON_BLOCKS = YES;
				GCC_WARN_64_TO_32_BIT_CONVERSION = YES;
				GCC_WARN_ABOUT_RETURN_TYPE = YES_ERROR;
				GCC_WARN_UNDECLARED_SELECTOR = YES;
				GCC_WARN_UNINITIALIZED_AUTOS = YES_AGGRESSIVE;
				GCC_WARN_UNUSED_FUNCTION = YES;
				GCC_WARN_UNUSED_VARIABLE = YES;
				IPHONEOS_DEPLOYMENT_TARGET = 15.0;
				MTL_ENABLE_DEBUG_INFO = NO;
				SDKROOT = iphoneos;
				SWIFT_OPTIMIZATION_LEVEL = "-Owholemodule";
				VALIDATE_PRODUCT = YES;
			};
			name = Release;
		};
		504EC3171FED79650016851F /* Debug */ = {
			isa = XCBuildConfiguration;
			baseConfigurationReference = FC68EB0AF532CFC21C3344DD /* Pods-App.debug.xcconfig */;
			buildSettings = {
				ASSETCATALOG_COMPILER_APPICON_NAME = AppIcon;
				CODE_SIGN_STYLE = Automatic;
				CURRENT_PROJECT_VERSION = 1;
				DEVELOPMENT_TEAM = DFNJK22KYY;
				INFOPLIST_FILE = App/Info.plist;
				SWIFT_OBJC_BRIDGING_HEADER = App/Saizen-Bridging-Header.h;
				CLANG_CXX_LANGUAGE_STANDARD = "c++17";
				HEADER_SEARCH_PATHS = (
					"$(inherited)",
					"$(PROJECT_DIR)/../../../../ios/vendor/libtorrent-ios/include",
				);
				LIBRARY_SEARCH_PATHS = (
					"$(inherited)",
					"$(PROJECT_DIR)/../../../../ios/vendor/libtorrent-ios/lib",
				);
				OTHER_CPLUSPLUSFLAGS = "$(OTHER_CFLAGS) -DSAIZEN_HAS_LIBTORRENT=1 -DTORRENT_NO_DEPRECATE";
				OTHER_LDFLAGS = (
					"$(inherited)",
					"-lc++",
				);
				IPHONEOS_DEPLOYMENT_TARGET = 15.0;
				LD_RUNPATH_SEARCH_PATHS = "$(inherited) @executable_path/Frameworks";
				MARKETING_VERSION = 1.3.3;
				OTHER_SWIFT_FLAGS = "$(inherited) \"-D\" \"COCOAPODS\" \"-DDEBUG\"";
				PRODUCT_BUNDLE_IDENTIFIER = app.saizen;
				PRODUCT_NAME = "$(TARGET_NAME)";
				SWIFT_ACTIVE_COMPILATION_CONDITIONS = DEBUG;
				SWIFT_VERSION = 5.0;
				TARGETED_DEVICE_FAMILY = "1,2";
			};
			name = Debug;
		};
		504EC3181FED79650016851F /* Release */ = {
			isa = XCBuildConfiguration;
			baseConfigurationReference = AF51FD2D460BCFE21FA515B2 /* Pods-App.release.xcconfig */;
			buildSettings = {
				ASSETCATALOG_COMPILER_APPICON_NAME = AppIcon;
				CODE_SIGN_STYLE = Automatic;
				CURRENT_PROJECT_VERSION = 1;
				DEVELOPMENT_TEAM = DFNJK22KYY;
				INFOPLIST_FILE = App/Info.plist;
				SWIFT_OBJC_BRIDGING_HEADER = App/Saizen-Bridging-Header.h;
				CLANG_CXX_LANGUAGE_STANDARD = "c++17";
				HEADER_SEARCH_PATHS = (
					"$(inherited)",
					"$(PROJECT_DIR)/../../../../ios/vendor/libtorrent-ios/include",
				);
				LIBRARY_SEARCH_PATHS = (
					"$(inherited)",
					"$(PROJECT_DIR)/../../../../ios/vendor/libtorrent-ios/lib",
				);
				OTHER_CPLUSPLUSFLAGS = "$(OTHER_CFLAGS) -DSAIZEN_HAS_LIBTORRENT=1 -DTORRENT_NO_DEPRECATE";
				OTHER_LDFLAGS = (
					"$(inherited)",
					"-lc++",
				);
				IPHONEOS_DEPLOYMENT_TARGET = 15.0;
				LD_RUNPATH_SEARCH_PATHS = "$(inherited) @executable_path/Frameworks";
				MARKETING_VERSION = 1.3.3;
				PRODUCT_BUNDLE_IDENTIFIER = app.saizen;
				PRODUCT_NAME = "$(TARGET_NAME)";
				SWIFT_ACTIVE_COMPILATION_CONDITIONS = "";
				SWIFT_VERSION = 5.0;
				TARGETED_DEVICE_FAMILY = "1,2";
			};
			name = Release;
		};
/* End XCBuildConfiguration section */

/* Begin XCConfigurationList section */
		504EC2FF1FED79650016851F /* Build configuration list for PBXProject "App" */ = {
			isa = XCConfigurationList;
			buildConfigurations = (
				504EC3141FED79650016851F /* Debug */,
				504EC3151FED79650016851F /* Release */,
			);
			defaultConfigurationIsVisible = 0;
			defaultConfigurationName = Release;
		};
		504EC3161FED79650016851F /* Build configuration list for PBXNativeTarget "App" */ = {
			isa = XCConfigurationList;
			buildConfigurations = (
				504EC3171FED79650016851F /* Debug */,
				504EC3181FED79650016851F /* Release */,
			);
			defaultConfigurationIsVisible = 0;
			defaultConfigurationName = Release;
		};
/* End XCConfigurationList section */
	};
	rootObject = 504EC2FC1FED79650016851F /* Project object */;
}
